[[package]]
category = "main"
description = "String generator based on Markov process"
name = "mc.py"
optional = false
python-versions = ">=3.6"
version = "3.1.1"

[[package]]
category = "main"
description = "Pika Python AMQP Client Library"
name = "pika"
optional = false
python-versions = "*"
version = "1.1.0"

[package.extras]
tornado = ["tornado"]
twisted = ["twisted"]

[[package]]
category = "main"
description = "Python client for Redis key-value store"
name = "redis"
optional = false
python-versions = ">=2.7, !=3.0.*, !=3.1.*, !=3.2.*, !=3.3.*, !=3.4.*"
version = "3.4.1"

[package.extras]
hiredis = ["hiredis (>=0.1.3)"]

[metadata]
content-hash = "ecab37ee2e7d7801564b9af0ac5c9bfec4a798aa375bf9ec13f5644097538447"
python-versions = "^3.6"

[metadata.files]
"mc.py" = [
    {file = "mc.py-3.1.1.tar.gz", hash = "sha256:eaa4436add72c578c1d6dd257c13d6a802ebb8a997f50293176aa46676a2e5dd"},
]
pika = [
    {file = "pika-1.1.0-py2.py3-none-any.whl", hash = "sha256:4e1a1a6585a41b2341992ec32aadb7a919d649eb82904fd8e4a4e0871c8cf3af"},
    {file = "pika-1.1.0.tar.gz", hash = "sha256:9fa76ba4b65034b878b2b8de90ff8660a59d925b087c5bb88f8fdbb4b64a1dbf"},
]
redis = [
    {file = "redis-3.4.1-py2.py3-none-any.whl", hash = "sha256:b205cffd05ebfd0a468db74f0eedbff8df1a7bfc47521516ade4692991bb0833"},
    {file = "redis-3.4.1.tar.gz", hash = "sha256:0dcfb335921b88a850d461dc255ff4708294943322bd55de6cfd68972490ca1f"},
]
